
Microsoft Visual Studio Solution File, Format Version 12.00
# Visual Studio Version 16
VisualStudioVersion = 16.0.34601.136
MinimumVisualStudioVersion = 10.0.40219.1
Project("{FAE04EC0-301F-11D3-BF4B-00C04F79EFBC}") = "API_Assignment_1", "API_Assignment_1\API_Assignment_1.csproj", "{EF2A888D-27E5-4E86-B550-3FD2DD0CD8F0}"
EndProject
Global
	GlobalSection(SolutionConfigurationPlatforms) = preSolution
		Debug|Any CPU = Debug|Any CPU
		Release|Any CPU = Release|Any CPU
	EndGlobalSection
	GlobalSection(ProjectConfigurationPlatforms) = postSolution
		{EF2A888D-27E5-4E86-B550-3FD2DD0CD8F0}.Debug|Any CPU.ActiveCfg = Debug|Any CPU
		{EF2A888D-27E5-4E86-B550-3FD2DD0CD8F0}.Debug|Any CPU.Build.0 = Debug|Any CPU
		{EF2A888D-27E5-4E86-B550-3FD2DD0CD8F0}.Release|Any CPU.ActiveCfg = Release|Any CPU
		{EF2A888D-27E5-4E86-B550-3FD2DD0CD8F0}.Release|Any CPU.Build.0 = Release|Any CPU
	EndGlobalSection
	GlobalSection(SolutionProperties) = preSolution
		HideSolutionNode = FALSE
	EndGlobalSection
	GlobalSection(ExtensibilityGlobals) = postSolution
		SolutionGuid = {6F24B431-AC22-4528-B8EB-7AD9F4B5F8EC}
	EndGlobalSection
EndGlobal
